
Microsoft Visual Studio Solution File, Format Version 12.00
# Visual Studio Version 17
VisualStudioVersion = 17.5.002.0
MinimumVisualStudioVersion = 10.0.40219.1
Project("{2150E333-8FDC-42A3-9474-1A3956D46DE8}") = "Labfiles", "Labfiles", "{F549D4B9-FF9C-4A6A-A8EB-08B5E6328235}"
EndProject
Project("{2150E333-8FDC-42A3-9474-1A3956D46DE8}") = "01-analyze-text", "01-analyze-text", "{77DDFC5E-C0EE-4344-AFC1-3F26CF7C61AD}"
EndProject
Project("{2150E333-8FDC-42A3-9474-1A3956D46DE8}") = "C-Sharp", "C-Sharp", "{410C43A2-9490-401E-95EE-4D996E621C03}"
EndProject
Project("{9A19103F-16F7-4668-BE54-9A1E7A4F7556}") = "text-analysis", "Labfiles\01-analyze-text\C-Sharp\text-analysis\text-analysis.csproj", "{9F6D94E3-E254-453E-8D6F-F012AE57A4ED}"
EndProject
Project("{2150E333-8FDC-42A3-9474-1A3956D46DE8}") = "02-qna", "02-qna", "{F1C3AE22-2E58-4527-9913-B02FE805EE1C}"
EndProject
Project("{2150E333-8FDC-42A3-9474-1A3956D46DE8}") = "C-Sharp", "C-Sharp", "{7352C37D-A4E6-4DE2-96E8-A671E6CB737A}"
EndProject
Project("{9A19103F-16F7-4668-BE54-9A1E7A4F7556}") = "qna-app", "Labfiles\02-qna\C-Sharp\qna-app\qna-app.csproj", "{7CF0F9A4-F17A-4CC3-B35D-1F7EB1F33105}"
EndProject
Project("{2150E333-8FDC-42A3-9474-1A3956D46DE8}") = "03-language", "03-language", "{F5CB835F-D50C-4035-9572-A13C4CEB0A44}"
EndProject
Project("{2150E333-8FDC-42A3-9474-1A3956D46DE8}") = "C-Sharp", "C-Sharp", "{3F5EADB7-C420-40BE-BF65-15D91BBAD0D3}"
EndProject
Project("{9A19103F-16F7-4668-BE54-9A1E7A4F7556}") = "clock_client", "Labfiles\03-language\C-Sharp\clock-client\clock_client.csproj", "{52C11F99-176B-48AF-831B-080FE3406B73}"
EndProject
Project("{2150E333-8FDC-42A3-9474-1A3956D46DE8}") = "04-text-classification", "04-text-classification", "{240B66CB-CC7C-4DAF-80B2-4C4C628D491C}"
EndProject
Project("{2150E333-8FDC-42A3-9474-1A3956D46DE8}") = "C-Sharp", "C-Sharp", "{A857B1F9-D513-4955-8CF3-1E3A157ADCA4}"
EndProject
Project("{9A19103F-16F7-4668-BE54-9A1E7A4F7556}") = "classify-text", "Labfiles\04-text-classification\C-Sharp\classify-text\classify-text.csproj", "{CECC51A4-040A-44EE-B4BF-CB938F68CFE6}"
EndProject
Project("{2150E333-8FDC-42A3-9474-1A3956D46DE8}") = "05-custom-entity-recognition", "05-custom-entity-recognition", "{0730D76B-E37C-40FF-AAC0-E4BD7D837ED0}"
EndProject
Project("{2150E333-8FDC-42A3-9474-1A3956D46DE8}") = "C-Sharp", "C-Sharp", "{0D57BB93-E50F-4FB9-AE86-6E84BF6B7417}"
EndProject
Project("{9A19103F-16F7-4668-BE54-9A1E7A4F7556}") = "custom-entities", "Labfiles\05-custom-entity-recognition\C-Sharp\custom-entities\custom-entities.csproj", "{8D3D0DD4-4860-4C40-B1A5-CB3D351A6C35}"
EndProject
Project("{2150E333-8FDC-42A3-9474-1A3956D46DE8}") = "06-translate-text", "06-translate-text", "{C260A352-C977-4089-907E-D5CFF0A4F6DB}"
EndProject
Project("{2150E333-8FDC-42A3-9474-1A3956D46DE8}") = "C-Sharp", "C-Sharp", "{618D77E8-9919-4659-B860-7B97D2AE77B5}"
EndProject
Project("{9A19103F-16F7-4668-BE54-9A1E7A4F7556}") = "translate_text", "Labfiles\06-translate-text\C-Sharp\text-translation\translate_text.csproj", "{0F6DAE3D-6E70-4A3C-8526-8C9B05226CDF}"
EndProject
Project("{2150E333-8FDC-42A3-9474-1A3956D46DE8}") = "06b-translator-sdk", "06b-translator-sdk", "{9B962E43-F889-499B-AA34-06C8872244BF}"
EndProject
Project("{2150E333-8FDC-42A3-9474-1A3956D46DE8}") = "C-Sharp", "C-Sharp", "{7B67937F-3BF3-428E-BBBF-BC07B4C7C6DB}"
EndProject
Project("{9A19103F-16F7-4668-BE54-9A1E7A4F7556}") = "translate_text", "Labfiles\06b-translator-sdk\C-Sharp\translate-text\translate_text.csproj", "{F852A7BE-3902-4F78-BCEC-E743996114E1}"
EndProject
Project("{2150E333-8FDC-42A3-9474-1A3956D46DE8}") = "07-speech", "07-speech", "{AFA85534-9F01-4D0B-872F-ACA3A9682F90}"
EndProject
Project("{2150E333-8FDC-42A3-9474-1A3956D46DE8}") = "C-Sharp", "C-Sharp", "{B38F6BF8-CC5F-4F83-9A55-0B23BDA338BE}"
EndProject
Project("{9A19103F-16F7-4668-BE54-9A1E7A4F7556}") = "speaking-clock", "Labfiles\07-speech\C-Sharp\speaking-clock\speaking-clock.csproj", "{F80049F9-7907-4B33-B1B9-7F85DC6873F3}"
EndProject
Project("{2150E333-8FDC-42A3-9474-1A3956D46DE8}") = "08-speech-translation", "08-speech-translation", "{A7E50917-FC69-45FD-A0CA-7675EE580EF1}"
EndProject
Project("{2150E333-8FDC-42A3-9474-1A3956D46DE8}") = "C-Sharp", "C-Sharp", "{D1B02E39-B03D-4FDB-96EC-6A019D3DF837}"
EndProject
Project("{9A19103F-16F7-4668-BE54-9A1E7A4F7556}") = "translator", "Labfiles\08-speech-translation\C-Sharp\translator\translator.csproj", "{F7D26382-F818-42D1-9388-6B4C6822FDA4}"
EndProject
Global
	GlobalSection(SolutionConfigurationPlatforms) = preSolution
		Debug|Any CPU = Debug|Any CPU
		Release|Any CPU = Release|Any CPU
	EndGlobalSection
	GlobalSection(ProjectConfigurationPlatforms) = postSolution
		{9F6D94E3-E254-453E-8D6F-F012AE57A4ED}.Debug|Any CPU.ActiveCfg = Debug|Any CPU
		{9F6D94E3-E254-453E-8D6F-F012AE57A4ED}.Debug|Any CPU.Build.0 = Debug|Any CPU
		{9F6D94E3-E254-453E-8D6F-F012AE57A4ED}.Release|Any CPU.ActiveCfg = Release|Any CPU
		{9F6D94E3-E254-453E-8D6F-F012AE57A4ED}.Release|Any CPU.Build.0 = Release|Any CPU
		{7CF0F9A4-F17A-4CC3-B35D-1F7EB1F33105}.Debug|Any CPU.ActiveCfg = Debug|Any CPU
		{7CF0F9A4-F17A-4CC3-B35D-1F7EB1F33105}.Debug|Any CPU.Build.0 = Debug|Any CPU
		{7CF0F9A4-F17A-4CC3-B35D-1F7EB1F33105}.Release|Any CPU.ActiveCfg = Release|Any CPU
		{7CF0F9A4-F17A-4CC3-B35D-1F7EB1F33105}.Release|Any CPU.Build.0 = Release|Any CPU
		{52C11F99-176B-48AF-831B-080FE3406B73}.Debug|Any CPU.ActiveCfg = Debug|Any CPU
		{52C11F99-176B-48AF-831B-080FE3406B73}.Debug|Any CPU.Build.0 = Debug|Any CPU
		{52C11F99-176B-48AF-831B-080FE3406B73}.Release|Any CPU.ActiveCfg = Release|Any CPU
		{52C11F99-176B-48AF-831B-080FE3406B73}.Release|Any CPU.Build.0 = Release|Any CPU
		{CECC51A4-040A-44EE-B4BF-CB938F68CFE6}.Debug|Any CPU.ActiveCfg = Debug|Any CPU
		{CECC51A4-040A-44EE-B4BF-CB938F68CFE6}.Debug|Any CPU.Build.0 = Debug|Any CPU
		{CECC51A4-040A-44EE-B4BF-CB938F68CFE6}.Release|Any CPU.ActiveCfg = Release|Any CPU
		{CECC51A4-040A-44EE-B4BF-CB938F68CFE6}.Release|Any CPU.Build.0 = Release|Any CPU
		{8D3D0DD4-4860-4C40-B1A5-CB3D351A6C35}.Debug|Any CPU.ActiveCfg = Debug|Any CPU
		{8D3D0DD4-4860-4C40-B1A5-CB3D351A6C35}.Debug|Any CPU.Build.0 = Debug|Any CPU
		{8D3D0DD4-4860-4C40-B1A5-CB3D351A6C35}.Release|Any CPU.ActiveCfg = Release|Any CPU
		{8D3D0DD4-4860-4C40-B1A5-CB3D351A6C35}.Release|Any CPU.Build.0 = Release|Any CPU
		{0F6DAE3D-6E70-4A3C-8526-8C9B05226CDF}.Debug|Any CPU.ActiveCfg = Debug|Any CPU
		{0F6DAE3D-6E70-4A3C-8526-8C9B05226CDF}.Debug|Any CPU.Build.0 = Debug|Any CPU
		{0F6DAE3D-6E70-4A3C-8526-8C9B05226CDF}.Release|Any CPU.ActiveCfg = Release|Any CPU
		{0F6DAE3D-6E70-4A3C-8526-8C9B05226CDF}.Release|Any CPU.Build.0 = Release|Any CPU
		{F852A7BE-3902-4F78-BCEC-E743996114E1}.Debug|Any CPU.ActiveCfg = Debug|Any CPU
		{F852A7BE-3902-4F78-BCEC-E743996114E1}.Debug|Any CPU.Build.0 = Debug|Any CPU
		{F852A7BE-3902-4F78-BCEC-E743996114E1}.Release|Any CPU.ActiveCfg = Release|Any CPU
		{F852A7BE-3902-4F78-BCEC-E743996114E1}.Release|Any CPU.Build.0 = Release|Any CPU
		{F80049F9-7907-4B33-B1B9-7F85DC6873F3}.Debug|Any CPU.ActiveCfg = Debug|Any CPU
		{F80049F9-7907-4B33-B1B9-7F85DC6873F3}.Debug|Any CPU.Build.0 = Debug|Any CPU
		{F80049F9-7907-4B33-B1B9-7F85DC6873F3}.Release|Any CPU.ActiveCfg = Release|Any CPU
		{F80049F9-7907-4B33-B1B9-7F85DC6873F3}.Release|Any CPU.Build.0 = Release|Any CPU
		{F7D26382-F818-42D1-9388-6B4C6822FDA4}.Debug|Any CPU.ActiveCfg = Debug|Any CPU
		{F7D26382-F818-42D1-9388-6B4C6822FDA4}.Debug|Any CPU.Build.0 = Debug|Any CPU
		{F7D26382-F818-42D1-9388-6B4C6822FDA4}.Release|Any CPU.ActiveCfg = Release|Any CPU
		{F7D26382-F818-42D1-9388-6B4C6822FDA4}.Release|Any CPU.Build.0 = Release|Any CPU
	EndGlobalSection
	GlobalSection(SolutionProperties) = preSolution
		HideSolutionNode = FALSE
	EndGlobalSection
	GlobalSection(NestedProjects) = preSolution
		{77DDFC5E-C0EE-4344-AFC1-3F26CF7C61AD} = {F549D4B9-FF9C-4A6A-A8EB-08B5E6328235}
		{410C43A2-9490-401E-95EE-4D996E621C03} = {77DDFC5E-C0EE-4344-AFC1-3F26CF7C61AD}
		{9F6D94E3-E254-453E-8D6F-F012AE57A4ED} = {410C43A2-9490-401E-95EE-4D996E621C03}
		{F1C3AE22-2E58-4527-9913-B02FE805EE1C} = {F549D4B9-FF9C-4A6A-A8EB-08B5E6328235}
		{7352C37D-A4E6-4DE2-96E8-A671E6CB737A} = {F1C3AE22-2E58-4527-9913-B02FE805EE1C}
		{7CF0F9A4-F17A-4CC3-B35D-1F7EB1F33105} = {7352C37D-A4E6-4DE2-96E8-A671E6CB737A}
		{F5CB835F-D50C-4035-9572-A13C4CEB0A44} = {F549D4B9-FF9C-4A6A-A8EB-08B5E6328235}
		{3F5EADB7-C420-40BE-BF65-15D91BBAD0D3} = {F5CB835F-D50C-4035-9572-A13C4CEB0A44}
		{52C11F99-176B-48AF-831B-080FE3406B73} = {3F5EADB7-C420-40BE-BF65-15D91BBAD0D3}
		{240B66CB-CC7C-4DAF-80B2-4C4C628D491C} = {F549D4B9-FF9C-4A6A-A8EB-08B5E6328235}
		{A857B1F9-D513-4955-8CF3-1E3A157ADCA4} = {240B66CB-CC7C-4DAF-80B2-4C4C628D491C}
		{CECC51A4-040A-44EE-B4BF-CB938F68CFE6} = {A857B1F9-D513-4955-8CF3-1E3A157ADCA4}
		{0730D76B-E37C-40FF-AAC0-E4BD7D837ED0} = {F549D4B9-FF9C-4A6A-A8EB-08B5E6328235}
		{0D57BB93-E50F-4FB9-AE86-6E84BF6B7417} = {0730D76B-E37C-40FF-AAC0-E4BD7D837ED0}
		{8D3D0DD4-4860-4C40-B1A5-CB3D351A6C35} = {0D57BB93-E50F-4FB9-AE86-6E84BF6B7417}
		{C260A352-C977-4089-907E-D5CFF0A4F6DB} = {F549D4B9-FF9C-4A6A-A8EB-08B5E6328235}
		{618D77E8-9919-4659-B860-7B97D2AE77B5} = {C260A352-C977-4089-907E-D5CFF0A4F6DB}
		{0F6DAE3D-6E70-4A3C-8526-8C9B05226CDF} = {618D77E8-9919-4659-B860-7B97D2AE77B5}
		{9B962E43-F889-499B-AA34-06C8872244BF} = {F549D4B9-FF9C-4A6A-A8EB-08B5E6328235}
		{7B67937F-3BF3-428E-BBBF-BC07B4C7C6DB} = {9B962E43-F889-499B-AA34-06C8872244BF}
		{F852A7BE-3902-4F78-BCEC-E743996114E1} = {7B67937F-3BF3-428E-BBBF-BC07B4C7C6DB}
		{AFA85534-9F01-4D0B-872F-ACA3A9682F90} = {F549D4B9-FF9C-4A6A-A8EB-08B5E6328235}
		{B38F6BF8-CC5F-4F83-9A55-0B23BDA338BE} = {AFA85534-9F01-4D0B-872F-ACA3A9682F90}
		{F80049F9-7907-4B33-B1B9-7F85DC6873F3} = {B38F6BF8-CC5F-4F83-9A55-0B23BDA338BE}
		{A7E50917-FC69-45FD-A0CA-7675EE580EF1} = {F549D4B9-FF9C-4A6A-A8EB-08B5E6328235}
		{D1B02E39-B03D-4FDB-96EC-6A019D3DF837} = {A7E50917-FC69-45FD-A0CA-7675EE580EF1}
		{F7D26382-F818-42D1-9388-6B4C6822FDA4} = {D1B02E39-B03D-4FDB-96EC-6A019D3DF837}
	EndGlobalSection
	GlobalSection(ExtensibilityGlobals) = postSolution
		SolutionGuid = {8428CFBE-346F-47BC-959F-1E4BD2F0902B}
	EndGlobalSection
EndGlobal
